
Microsoft Visual Studio Solution File, Format Version 12.00
# Visual Studio Version 17
VisualStudioVersion = 17.14.36511.14 d17.14
MinimumVisualStudioVersion = 10.0.40219.1
Project("{FAE04EC0-301F-11D3-BF4B-00C04F79EFBC}") = "xadrez-console", "xadrez-console.csproj", "{19D8AC0E-58A4-4093-9699-D5E58656BBD2}"
EndProject
Global
	GlobalSection(SolutionConfigurationPlatforms) = preSolution
		Debug|Any CPU = Debug|Any CPU
		Release|Any CPU = Release|Any CPU
	EndGlobalSection
	GlobalSection(ProjectConfigurationPlatforms) = postSolution
		{19D8AC0E-58A4-4093-9699-D5E58656BBD2}.Debug|Any CPU.ActiveCfg = Debug|Any CPU
		{19D8AC0E-58A4-4093-9699-D5E58656BBD2}.Debug|Any CPU.Build.0 = Debug|Any CPU
		{19D8AC0E-58A4-4093-9699-D5E58656BBD2}.Release|Any CPU.ActiveCfg = Release|Any CPU
		{19D8AC0E-58A4-4093-9699-D5E58656BBD2}.Release|Any CPU.Build.0 = Release|Any CPU
	EndGlobalSection
	GlobalSection(SolutionProperties) = preSolution
		HideSolutionNode = FALSE
	EndGlobalSection
	GlobalSection(ExtensibilityGlobals) = postSolution
		SolutionGuid = {5EB1EBA9-B3CC-4A80-995D-BCE5DA403B41}
	EndGlobalSection
EndGlobal
